Microsoft Visual Studio Solution File, Format Version 12.00
# Visual Studio 2012
Project("{1B19158F-E398-40A6-8E3B-350508E125F1}") = "DxSample", "DxSample\DxSample.dxjsproj", "{5F003854-A271-407D-9715-1125F4EFC093}"
EndProject
Global
	GlobalSection(SolutionConfigurationPlatforms) = preSolution
		Debug|x86 = Debug|x86
		Release|x86 = Release|x86
	EndGlobalSection
	GlobalSection(ProjectConfigurationPlatforms) = postSolution
		{5F003854-A271-407D-9715-1125F4EFC093}.Debug|x86.ActiveCfg = Debug|x86
		{5F003854-A271-407D-9715-1125F4EFC093}.Debug|x86.Build.0 = Debug|x86
		{5F003854-A271-407D-9715-1125F4EFC093}.Release|x86.ActiveCfg = Release|x86
		{5F003854-A271-407D-9715-1125F4EFC093}.Release|x86.Build.0 = Release|x86
	EndGlobalSection
	GlobalSection(SolutionProperties) = preSolution
		HideSolutionNode = FALSE
	EndGlobalSection
EndGlobal
